
Microsoft Visual Studio Solution File, Format Version 12.00
# Visual Studio Version 16
VisualStudioVersion = 16.0.31911.196
MinimumVisualStudioVersion = 10.0.40219.1
Project("{9A19103F-16F7-4668-BE54-9A1E7A4F7556}") = "ShoppingSpree", "1.CompanyRoster\ShoppingSpree.csproj", "{8CD1DCAF-13A8-4BA8-AB64-94B5466D2602}"
EndProject
Project("{9A19103F-16F7-4668-BE54-9A1E7A4F7556}") = "01.CompanyRoster", "5.ShoppingSpree\01.CompanyRoster.csproj", "{819C124C-F588-4DCD-91AD-5D22ACDFD157}"
EndProject
Global
	GlobalSection(SolutionConfigurationPlatforms) = preSolution
		Debug|Any CPU = Debug|Any CPU
		Release|Any CPU = Release|Any CPU
	EndGlobalSection
	GlobalSection(ProjectConfigurationPlatforms) = postSolution
		{8CD1DCAF-13A8-4BA8-AB64-94B5466D2602}.Debug|Any CPU.ActiveCfg = Debug|Any CPU
		{8CD1DCAF-13A8-4BA8-AB64-94B5466D2602}.Debug|Any CPU.Build.0 = Debug|Any CPU
		{8CD1DCAF-13A8-4BA8-AB64-94B5466D2602}.Release|Any CPU.ActiveCfg = Release|Any CPU
		{8CD1DCAF-13A8-4BA8-AB64-94B5466D2602}.Release|Any CPU.Build.0 = Release|Any CPU
		{819C124C-F588-4DCD-91AD-5D22ACDFD157}.Debug|Any CPU.ActiveCfg = Debug|Any CPU
		{819C124C-F588-4DCD-91AD-5D22ACDFD157}.Debug|Any CPU.Build.0 = Debug|Any CPU
		{819C124C-F588-4DCD-91AD-5D22ACDFD157}.Release|Any CPU.ActiveCfg = Release|Any CPU
		{819C124C-F588-4DCD-91AD-5D22ACDFD157}.Release|Any CPU.Build.0 = Release|Any CPU
	EndGlobalSection
	GlobalSection(SolutionProperties) = preSolution
		HideSolutionNode = FALSE
	EndGlobalSection
	GlobalSection(ExtensibilityGlobals) = postSolution
		SolutionGuid = {B7401F3D-2AF3-4D38-AAD4-18D006567FF0}
	EndGlobalSection
EndGlobal
